
Microsoft Visual Studio Solution File, Format Version 12.00
# Visual Studio Version 16
VisualStudioVersion = 16.0.31019.35
MinimumVisualStudioVersion = 10.0.40219.1
Project("{FAE04EC0-301F-11D3-BF4B-00C04F79EFBC}") = "FourGoldenSignals", "FourGoldenSignals\FourGoldenSignals.csproj", "{09829BBC-5F3F-48F3-8309-4BCF4F325A90}"
EndProject
Global
	GlobalSection(SolutionConfigurationPlatforms) = preSolution
		Debug|Any CPU = Debug|Any CPU
		Release|Any CPU = Release|Any CPU
	EndGlobalSection
	GlobalSection(ProjectConfigurationPlatforms) = postSolution
		{09829BBC-5F3F-48F3-8309-4BCF4F325A90}.Debug|Any CPU.ActiveCfg = Debug|Any CPU
		{09829BBC-5F3F-48F3-8309-4BCF4F325A90}.Debug|Any CPU.Build.0 = Debug|Any CPU
		{09829BBC-5F3F-48F3-8309-4BCF4F325A90}.Release|Any CPU.ActiveCfg = Release|Any CPU
		{09829BBC-5F3F-48F3-8309-4BCF4F325A90}.Release|Any CPU.Build.0 = Release|Any CPU
	EndGlobalSection
	GlobalSection(SolutionProperties) = preSolution
		HideSolutionNode = FALSE
	EndGlobalSection
	GlobalSection(ExtensibilityGlobals) = postSolution
		SolutionGuid = {283E365A-ED2F-48CA-BFDF-25006E5195B9}
	EndGlobalSection
EndGlobal
